
Microsoft Visual Studio Solution File, Format Version 12.00
# Visual Studio Version 17
VisualStudioVersion = 17.11.35327.3
MinimumVisualStudioVersion = 10.0.40219.1
Project("{FAE04EC0-301F-11D3-BF4B-00C04F79EFBC}") = "DiwaliCelebration.DIP", "DiwaliCelebration.DIP\DiwaliCelebration.DIP.csproj", "{82CF644B-A897-4EC2-8DD7-67B2C84B84AB}"
EndProject
Global
	GlobalSection(SolutionConfigurationPlatforms) = preSolution
		Debug|Any CPU = Debug|Any CPU
		Release|Any CPU = Release|Any CPU
	EndGlobalSection
	GlobalSection(ProjectConfigurationPlatforms) = postSolution
		{82CF644B-A897-4EC2-8DD7-67B2C84B84AB}.Debug|Any CPU.ActiveCfg = Debug|Any CPU
		{82CF644B-A897-4EC2-8DD7-67B2C84B84AB}.Debug|Any CPU.Build.0 = Debug|Any CPU
		{82CF644B-A897-4EC2-8DD7-67B2C84B84AB}.Release|Any CPU.ActiveCfg = Release|Any CPU
		{82CF644B-A897-4EC2-8DD7-67B2C84B84AB}.Release|Any CPU.Build.0 = Release|Any CPU
	EndGlobalSection
	GlobalSection(SolutionProperties) = preSolution
		HideSolutionNode = FALSE
	EndGlobalSection
	GlobalSection(ExtensibilityGlobals) = postSolution
		SolutionGuid = {2D228C73-C333-46E7-A7C4-CD49E254D8BF}
	EndGlobalSection
EndGlobal
